# THIS IS AN AUTOGENERATED FILE. DO NOT EDIT THIS FILE DIRECTLY.
# yarn lockfile v1


"@faker-js/faker@^10.1.0":
  version "10.1.0"
  resolved "https://registry.yarnpkg.com/@faker-js/faker/-/faker-10.1.0.tgz#eb72869d01ccbff41a77aa7ac851ce1ac9371129"
  integrity sha512-C3mrr3b5dRVlKPJdfrAXS8+dq+rq8Qm5SNRazca0JKgw1HQERFmrVb0towvMmw5uu8hHKNiQasMaR/tydf3Zsg==

"@playwright/test@^1.56.1":
  version "1.56.1"
  resolved "https://registry.npmjs.org/@playwright/test/-/test-1.56.1.tgz"
  integrity sha512-vSMYtL/zOcFpvJCW71Q/OEGQb7KYBPAdKh35WNSkaZA75JlAO8ED8UN6GUNTm3drWomcbcqRPFqQbLae8yBTdg==
  dependencies:
    playwright "1.56.1"

"@redis/bloom@5.9.0":
  version "5.9.0"
  resolved "https://registry.yarnpkg.com/@redis/bloom/-/bloom-5.9.0.tgz#1d0ce930aaae9b68e38f8dcaff6a4538f70359c9"
  integrity sha512-W9D8yfKTWl4tP8lkC3MRYkMz4OfbuzE/W8iObe0jFgoRmgMfkBV+Vj38gvIqZPImtY0WB34YZkX3amYuQebvRQ==

"@redis/client@5.9.0":
  version "5.9.0"
  resolved "https://registry.yarnpkg.com/@redis/client/-/client-5.9.0.tgz#918e26c0327d01e932b4c024c560cf644a64fd1a"
  integrity sha512-EI0Ti5pojD2p7TmcS7RRa+AJVahdQvP/urpcSbK/K9Rlk6+dwMJTQ354pCNGCwfke8x4yKr5+iH85wcERSkwLQ==
  dependencies:
    cluster-key-slot "1.1.2"

"@redis/json@5.9.0":
  version "5.9.0"
  resolved "https://registry.yarnpkg.com/@redis/json/-/json-5.9.0.tgz#419b2a2111e895a302dfefb7a08c836e59e5d8b6"
  integrity sha512-Bm2jjLYaXdUWPb9RaEywxnjmzw7dWKDZI4MS79mTWPV16R982jVWBj6lY2ZGelJbwxHtEVg4/FSVgYDkuO/MxA==

"@redis/search@5.9.0":
  version "5.9.0"
  resolved "https://registry.yarnpkg.com/@redis/search/-/search-5.9.0.tgz#f68c566d3750d9474f5bf3555c51eb2f4b06f6b2"
  integrity sha512-jdk2csmJ29DlpvCIb2ySjix2co14/0iwIT3C0I+7ZaToXgPbgBMB+zfEilSuncI2F9JcVxHki0YtLA0xX3VdpA==

"@redis/time-series@5.9.0":
  version "5.9.0"
  resolved "https://registry.yarnpkg.com/@redis/time-series/-/time-series-5.9.0.tgz#519e3cd3a068e65f51bb3caa5fa35270b1876109"
  integrity sha512-W6ILxcyOqhnI7ELKjJXOktIg3w4+aBHugDbVpgVLPZ+YDjObis1M0v7ZzwlpXhlpwsfePfipeSK+KWNuymk52w==

"@types/node@^24.9.2":
  version "24.9.2"
  resolved "https://registry.npmjs.org/@types/node/-/node-24.9.2.tgz"
  integrity sha512-uWN8YqxXxqFMX2RqGOrumsKeti4LlmIMIyV0lgut4jx7KQBcBiW6vkDtIBvHnHIquwNfJhk8v2OtmO8zXWHfPA==
  dependencies:
    undici-types "~7.16.0"

cluster-key-slot@1.1.2:
  version "1.1.2"
  resolved "https://registry.yarnpkg.com/cluster-key-slot/-/cluster-key-slot-1.1.2.tgz#88ddaa46906e303b5de30d3153b7d9fe0a0c19ac"
  integrity sha512-RMr0FhtfXemyinomL4hrWcYJxmX6deFdCxpJzhDttxgO1+bcCnkk+9drydLVDmAMG7NE6aN/fl4F7ucU/90gAA==

fsevents@2.3.2:
  version "2.3.2"
  resolved "https://registry.yarnpkg.com/fsevents/-/fsevents-2.3.2.tgz#8a526f78b8fdf4623b709e0b975c52c24c02fd1a"
  integrity sha512-xiqMQR4xAeHTuB9uWm+fFRcIOgKBMiOBP+eXiyT7jsgVCq1bkVygt00oASowB7EdtpOHaaPgKt812P9ab+DDKA==

insomnia@^0.0.1:
  version "0.0.1"
  resolved "https://registry.yarnpkg.com/insomnia/-/insomnia-0.0.1.tgz#036d92a37e1f3af07dffbc69e5bbf776e8bf3d5a"
  integrity sha512-n/GXWiJqieNqlMjztfp4ohyTw5kJ6nxgyn7wzwbO7Ya72njEzAQguSARhjgoDc+fSQ4AYu/JtW+8OQ7U3lW45g==
  dependencies:
    redis latest

playwright-core@1.56.1:
  version "1.56.1"
  resolved "https://registry.npmjs.org/playwright-core/-/playwright-core-1.56.1.tgz"
  integrity sha512-hutraynyn31F+Bifme+Ps9Vq59hKuUCz7H1kDOcBs+2oGguKkWTU50bBWrtz34OUWmIwpBTWDxaRPXrIXkgvmQ==

playwright@1.56.1:
  version "1.56.1"
  resolved "https://registry.npmjs.org/playwright/-/playwright-1.56.1.tgz"
  integrity sha512-aFi5B0WovBHTEvpM3DzXTUaeN6eN0qWnTkKx4NQaH4Wvcmc153PdaY2UBdSYKaGYw+UyWXSVyxDUg5DoPEttjw==
  dependencies:
    playwright-core "1.56.1"
  optionalDependencies:
    fsevents "2.3.2"

redis@latest:
  version "5.9.0"
  resolved "https://registry.yarnpkg.com/redis/-/redis-5.9.0.tgz#af91833dee2740aa972bd990ae5b980bbfeb6b27"
  integrity sha512-E8dQVLSyH6UE/C9darFuwq4usOPrqfZ1864kI4RFbr5Oj9ioB9qPF0oJMwX7s8mf6sPYrz84x/Dx1PGF3/0EaQ==
  dependencies:
    "@redis/bloom" "5.9.0"
    "@redis/client" "5.9.0"
    "@redis/json" "5.9.0"
    "@redis/search" "5.9.0"
    "@redis/time-series" "5.9.0"

undici-types@~7.16.0:
  version "7.16.0"
  resolved "https://registry.npmjs.org/undici-types/-/undici-types-7.16.0.tgz"
  integrity sha512-Zz+aZWSj8LE6zoxD+xrjh4VfkIG8Ya6LvYkZqtUQGJPZjYl53ypCaUwWqo7eI0x66KBGeRo+mlBEkMSeSZ38Nw==
